
Microsoft Visual Studio Solution File, Format Version 12.00
# Visual Studio Version 17
VisualStudioVersion = 17.11.35327.3
MinimumVisualStudioVersion = 10.0.40219.1
Project("{9A19103F-16F7-4668-BE54-9A1E7A4F7556}") = "WarehouseManager.WebHost", "WarehouseManager.WebHost\WarehouseManager.WebHost.csproj", "{82D7E412-B13C-4D27-B4FB-C5F9B65D93B9}"
	ProjectSection(ProjectDependencies) = postProject
		{F0C15527-45E2-4A3C-9D35-A06BA8BB9BA8} = {F0C15527-45E2-4A3C-9D35-A06BA8BB9BA8}
	EndProjectSection
EndProject
Project("{9A19103F-16F7-4668-BE54-9A1E7A4F7556}") = "WarehouseManager.DataAccess", "WarehouseManager.DataAccess\WarehouseManager.DataAccess.csproj", "{F631550E-630B-4967-A0E0-BC12F44C8FD5}"
EndProject
Project("{9A19103F-16F7-4668-BE54-9A1E7A4F7556}") = "WarehouseManager.Services", "WarehouseManager.Services\WarehouseManager.Services.csproj", "{F0C15527-45E2-4A3C-9D35-A06BA8BB9BA8}"
EndProject
Global
	GlobalSection(SolutionConfigurationPlatforms) = preSolution
		Debug|Any CPU = Debug|Any CPU
		Release|Any CPU = Release|Any CPU
	EndGlobalSection
	GlobalSection(ProjectConfigurationPlatforms) = postSolution
		{82D7E412-B13C-4D27-B4FB-C5F9B65D93B9}.Debug|Any CPU.ActiveCfg = Debug|Any CPU
		{82D7E412-B13C-4D27-B4FB-C5F9B65D93B9}.Debug|Any CPU.Build.0 = Debug|Any CPU
		{82D7E412-B13C-4D27-B4FB-C5F9B65D93B9}.Release|Any CPU.ActiveCfg = Release|Any CPU
		{82D7E412-B13C-4D27-B4FB-C5F9B65D93B9}.Release|Any CPU.Build.0 = Release|Any CPU
		{F631550E-630B-4967-A0E0-BC12F44C8FD5}.Debug|Any CPU.ActiveCfg = Debug|Any CPU
		{F631550E-630B-4967-A0E0-BC12F44C8FD5}.Debug|Any CPU.Build.0 = Debug|Any CPU
		{F631550E-630B-4967-A0E0-BC12F44C8FD5}.Release|Any CPU.ActiveCfg = Release|Any CPU
		{F631550E-630B-4967-A0E0-BC12F44C8FD5}.Release|Any CPU.Build.0 = Release|Any CPU
		{F0C15527-45E2-4A3C-9D35-A06BA8BB9BA8}.Debug|Any CPU.ActiveCfg = Debug|Any CPU
		{F0C15527-45E2-4A3C-9D35-A06BA8BB9BA8}.Debug|Any CPU.Build.0 = Debug|Any CPU
		{F0C15527-45E2-4A3C-9D35-A06BA8BB9BA8}.Release|Any CPU.ActiveCfg = Release|Any CPU
		{F0C15527-45E2-4A3C-9D35-A06BA8BB9BA8}.Release|Any CPU.Build.0 = Release|Any CPU
	EndGlobalSection
	GlobalSection(SolutionProperties) = preSolution
		HideSolutionNode = FALSE
	EndGlobalSection
	GlobalSection(ExtensibilityGlobals) = postSolution
		SolutionGuid = {61FC99B7-EBFE-4C35-921F-20B4D5DCBB85}
	EndGlobalSection
EndGlobal
